// !$*UTF8*$!
{
	archiveVersion = 1;
	classes = {
	};
	objectVersion = 48;
	objects = {

/* Begin PBXBuildFile section */
		EFB045221FCD56FC009B2DF0 /* AppDelegate.m in Sources */ = {isa = PBXBuildFile; fileRef = EFB045211FCD56FC009B2DF0 /* AppDelegate.m */; };
		EFB045251FCD56FC009B2DF0 /* ViewController.m in Sources */ = {isa = PBXBuildFile; fileRef = EFB045241FCD56FC009B2DF0 /* ViewController.m */; };
		EFB045281FCD56FC009B2DF0 /* Main.storyboard in Resources */ = {isa = PBXBuildFile; fileRef = EFB045261FCD56FC009B2DF0 /* Main.storyboard */; };
		EFB0452A1FCD56FC009B2DF0 /* Assets.xcassets in Resources */ = {isa = PBXBuildFile; fileRef = EFB045291FCD56FC009B2DF0 /* Assets.xcassets */; };
		EFB0452D1FCD56FC009B2DF0 /* LaunchScreen.storyboard in Resources */ = {isa = PBXBuildFile; fileRef = EFB0452B1FCD56FC009B2DF0 /* LaunchScreen.storyboard */; };
		EFB045301FCD56FC009B2DF0 /* main.m in Sources */ = {isa = PBXBuildFile; fileRef = EFB0452F1FCD56FC009B2DF0 /* main.m */; };
		EFB0453A1FCD56FC009B2DF0 /* HRProjectTests.m in Sources */ = {isa = PBXBuildFile; fileRef = EFB045391FCD56FC009B2DF0 /* HRProjectTests.m */; };
		EFB045451FCD56FC009B2DF0 /* HRProjectUITests.m in Sources */ = {isa = PBXBuildFile; fileRef = EFB045441FCD56FC009B2DF0 /* HRProjectUITests.m */; };
/* End PBXBuildFile section */

/* Begin PBXContainerItemProxy section */
		EFB045361FCD56FC009B2DF0 /* PBXContainerItemProxy */ = {
			isa = PBXContainerItemProxy;
			containerPortal = EFB045151FCD56FB009B2DF0 /* Project object */;
			proxyType = 1;
			remoteGlobalIDString = EFB0451C1FCD56FC009B2DF0;
			remoteInfo = HRProject;
		};
		EFB045411FCD56FC009B2DF0 /* PBXContainerItemProxy */ = {
			isa = PBXContainerItemProxy;
			containerPortal = EFB045151FCD56FB009B2DF0 /* Project object */;
			proxyType = 1;
			remoteGlobalIDString = EFB0451C1FCD56FC009B2DF0;
			remoteInfo = HRProject;
		};
/* End PBXContainerItemProxy section */

/* Begin PBXFileReference section */
		EFB0451D1FCD56FC009B2DF0 /* HRProject.app */ = {isa = PBXFileReference; explicitFileType = wrapper.application; includeInIndex = 0; path = HRProject.app; sourceTree = BUILT_PRODUCTS_DIR; };
		EFB045201FCD56FC009B2DF0 /* AppDelegate.h */ = {isa = PBXFileReference; lastKnownFileType = sourcecode.c.h; path = AppDelegate.h; sourceTree = "<group>"; };
		EFB045211FCD56FC009B2DF0 /* AppDelegate.m */ = {isa = PBXFileReference; lastKnownFileType = sourcecode.c.objc; path = AppDelegate.m; sourceTree = "<group>"; };
		EFB045231FCD56FC009B2DF0 /* ViewController.h */ = {isa = PBXFileReference; lastKnownFileType = sourcecode.c.h; path = ViewController.h; sourceTree = "<group>"; };
		EFB045241FCD56FC009B2DF0 /* ViewController.m */ = {isa = PBXFileReference; lastKnownFileType = sourcecode.c.objc; path = ViewController.m; sourceTree = "<group>"; };
		EFB045271FCD56FC009B2DF0 /* Base */ = {isa = PBXFileReference; lastKnownFileType = file.storyboard; name = Base; path = Base.lproj/Main.storyboard; sourceTree = "<group>"; };
		EFB045291FCD56FC009B2DF0 /* Assets.xcassets */ = {isa = PBXFileReference; lastKnownFileType = folder.assetcatalog; path = Assets.xcassets; sourceTree = "<group>"; };
		EFB0452C1FCD56FC009B2DF0 /* Base */ = {isa = PBXFileReference; lastKnownFileType = file.storyboard; name = Base; path = Base.lproj/LaunchScreen.storyboard; sourceTree = "<group>"; };
		EFB0452E1FCD56FC009B2DF0 /* Info.plist */ = {isa = PBXFileReference; lastKnownFileType = text.plist.xml; path = Info.plist; sourceTree = "<group>"; };
		EFB0452F1FCD56FC009B2DF0 /* main.m */ = {isa = PBXFileReference; lastKnownFileType = sourcecode.c.objc; path = main.m; sourceTree = "<group>"; };
		EFB045351FCD56FC009B2DF0 /* HRProjectTests.xctest */ = {isa = PBXFileReference; explicitFileType = wrapper.cfbundle; includeInIndex = 0; path = HRProjectTests.xctest; sourceTree = BUILT_PRODUCTS_DIR; };
		EFB045391FCD56FC009B2DF0 /* HRProjectTests.m */ = {isa = PBXFileReference; lastKnownFileType = sourcecode.c.objc; path = HRProjectTests.m; sourceTree = "<group>"; };
		EFB0453B1FCD56FC009B2DF0 /* Info.plist */ = {isa = PBXFileReference; lastKnownFileType = text.plist.xml; path = Info.plist; sourceTree = "<group>"; };
		EFB045401FCD56FC009B2DF0 /* HRProjectUITests.xctest */ = {isa = PBXFileReference; explicitFileType = wrapper.cfbundle; includeInIndex = 0; path = HRProjectUITests.xctest; sourceTree = BUILT_PRODUCTS_DIR; };
		EFB045441FCD56FC009B2DF0 /* HRProjectUITests.m */ = {isa = PBXFileReference; lastKnownFileType = sourcecode.c.objc; path = HRProjectUITests.m; sourceTree = "<group>"; };
		EFB045461FCD56FC009B2DF0 /* Info.plist */ = {isa = PBXFileReference; lastKnownFileType = text.plist.xml; path = Info.plist; sourceTree = "<group>"; };
/* End PBXFileReference section */

/* Begin PBXFrameworksBuildPhase section */
		EFB0451A1FCD56FC009B2DF0 /* Frameworks */ = {
			isa = PBXFrameworksBuildPhase;
			buildActionMask = 2147483647;
			files = (
			);
			runOnlyForDeploymentPostprocessing = 0;
		};
		EFB045321FCD56FC009B2DF0 /* Frameworks */ = {
			isa = PBXFrameworksBuildPhase;
			buildActionMask = 2147483647;
			files = (
			);
			runOnlyForDeploymentPostprocessing = 0;
		};
		EFB0453D1FCD56FC009B2DF0 /* Frameworks */ = {
			isa = PBXFrameworksBuildPhase;
			buildActionMask = 2147483647;
			files = (
			);
			runOnlyForDeploymentPostprocessing = 0;
		};
/* End PBXFrameworksBuildPhase section */

/* Begin PBXGroup section */
		EFB045141FCD56FB009B2DF0 = {
			isa = PBXGroup;
			children = (
				EFB0451F1FCD56FC009B2DF0 /* HRProject */,
				EFB045381FCD56FC009B2DF0 /* HRProjectTests */,
				EFB045431FCD56FC009B2DF0 /* HRProjectUITests */,
				EFB0451E1FCD56FC009B2DF0 /* Products */,
			);
			sourceTree = "<group>";
		};
		EFB0451E1FCD56FC009B2DF0 /* Products */ = {
			isa = PBXGroup;
			children = (
				EFB0451D1FCD56FC009B2DF0 /* HRProject.app */,
				EFB045351FCD56FC009B2DF0 /* HRProjectTests.xctest */,
				EFB045401FCD56FC009B2DF0 /* HRProjectUITests.xctest */,
			);
			name = Products;
			sourceTree = "<group>";
		};
		EFB0451F1FCD56FC009B2DF0 /* HRProject */ = {
			isa = PBXGroup;
			children = (
				EFB045201FCD56FC009B2DF0 /* AppDelegate.h */,
				EFB045211FCD56FC009B2DF0 /* AppDelegate.m */,
				EFB045231FCD56FC009B2DF0 /* ViewController.h */,
				EFB045241FCD56FC009B2DF0 /* ViewController.m */,
				EFB045261FCD56FC009B2DF0 /* Main.storyboard */,
				EFB045291FCD56FC009B2DF0 /* Assets.xcassets */,
				EFB0452B1FCD56FC009B2DF0 /* LaunchScreen.storyboard */,
				EFB0452E1FCD56FC009B2DF0 /* Info.plist */,
				EFB0452F1FCD56FC009B2DF0 /* main.m */,
			);
			path = HRProject;
			sourceTree = "<group>";
		};
		EFB045381FCD56FC009B2DF0 /* HRProjectTests */ = {
			isa = PBXGroup;
			children = (
				EFB045391FCD56FC009B2DF0 /* HRProjectTests.m */,
				EFB0453B1FCD56FC009B2DF0 /* Info.plist */,
			);
			path = HRProjectTests;
			sourceTree = "<group>";
		};
		EFB045431FCD56FC009B2DF0 /* HRProjectUITests */ = {
			isa = PBXGroup;
			children = (
				EFB045441FCD56FC009B2DF0 /* HRProjectUITests.m */,
				EFB045461FCD56FC009B2DF0 /* Info.plist */,
			);
			path = HRProjectUITests;
			sourceTree = "<group>";
		};
/* End PBXGroup section */

/* Begin PBXNativeTarget section */
		EFB0451C1FCD56FC009B2DF0 /* HRProject */ = {
			isa = PBXNativeTarget;
			buildConfigurationList = EFB045491FCD56FC009B2DF0 /* Build configuration list for PBXNativeTarget "HRProject" */;
			buildPhases = (
				EFB045191FCD56FC009B2DF0 /* Sources */,
				EFB0451A1FCD56FC009B2DF0 /* Frameworks */,
				EFB0451B1FCD56FC009B2DF0 /* Resources */,
			);
			buildRules = (
			);
			dependencies = (
			);
			name = HRProject;
			productName = HRProject;
			productReference = EFB0451D1FCD56FC009B2DF0 /* HRProject.app */;
			productType = "com.apple.product-type.application";
		};
		EFB045341FCD56FC009B2DF0 /* HRProjectTests */ = {
			isa = PBXNativeTarget;
			buildConfigurationList = EFB0454C1FCD56FC009B2DF0 /* Build configuration list for PBXNativeTarget "HRProjectTests" */;
			buildPhases = (
				EFB045311FCD56FC009B2DF0 /* Sources */,
				EFB045321FCD56FC009B2DF0 /* Frameworks */,
				EFB045331FCD56FC009B2DF0 /* Resources */,
			);
			buildRules = (
			);
			dependencies = (
				EFB045371FCD56FC009B2DF0 /* PBXTargetDependency */,
			);
			name = HRProjectTests;
			productName = HRProjectTests;
			productReference = EFB045351FCD56FC009B2DF0 /* HRProjectTests.xctest */;
			productType = "com.apple.product-type.bundle.unit-test";
		};
		EFB0453F1FCD56FC009B2DF0 /* HRProjectUITests */ = {
			isa = PBXNativeTarget;
			buildConfigurationList = EFB0454F1FCD56FC009B2DF0 /* Build configuration list for PBXNativeTarget "HRProjectUITests" */;
			buildPhases = (
				EFB0453C1FCD56FC009B2DF0 /* Sources */,
				EFB0453D1FCD56FC009B2DF0 /* Frameworks */,
				EFB0453E1FCD56FC009B2DF0 /* Resources */,
			);
			buildRules = (
			);
			dependencies = (
				EFB045421FCD56FC009B2DF0 /* PBXTargetDependency */,
			);
			name = HRProjectUITests;
			productName = HRProjectUITests;
			productReference = EFB045401FCD56FC009B2DF0 /* HRProjectUITests.xctest */;
			productType = "com.apple.product-type.bundle.ui-testing";
		};
/* End PBXNativeTarget section */

/* Begin PBXProject section */
		EFB045151FCD56FB009B2DF0 /* Project object */ = {
			isa = PBXProject;
			attributes = {
				LastUpgradeCheck = 0910;
				ORGANIZATIONNAME = ziroom;
				TargetAttributes = {
					EFB0451C1FCD56FC009B2DF0 = {
						CreatedOnToolsVersion = 9.1;
						ProvisioningStyle = Automatic;
					};
					EFB045341FCD56FC009B2DF0 = {
						CreatedOnToolsVersion = 9.1;
						ProvisioningStyle = Automatic;
						TestTargetID = EFB0451C1FCD56FC009B2DF0;
					};
					EFB0453F1FCD56FC009B2DF0 = {
						CreatedOnToolsVersion = 9.1;
						ProvisioningStyle = Automatic;
						TestTargetID = EFB0451C1FCD56FC009B2DF0;
					};
				};
			};
			buildConfigurationList = EFB045181FCD56FB009B2DF0 /* Build configuration list for PBXProject "HRProject" */;
			compatibilityVersion = "Xcode 8.0";
			developmentRegion = en;
			hasScannedForEncodings = 0;
			knownRegions = (
				en,
				Base,
			);
			mainGroup = EFB045141FCD56FB009B2DF0;
			productRefGroup = EFB0451E1FCD56FC009B2DF0 /* Products */;
			projectDirPath = "";
			projectRoot = "";
			targets = (
				EFB0451C1FCD56FC009B2DF0 /* HRProject */,
				EFB045341FCD56FC009B2DF0 /* HRProjectTests */,
				EFB0453F1FCD56FC009B2DF0 /* HRProjectUITests */,
			);
		};
/* End PBXProject section */

/* Begin PBXResourcesBuildPhase section */
		EFB0451B1FCD56FC009B2DF0 /* Resources */ = {
			isa = PBXResourcesBuildPhase;
			buildActionMask = 2147483647;
			files = (
				EFB0452D1FCD56FC009B2DF0 /* LaunchScreen.storyboard in Resources */,
				EFB0452A1FCD56FC009B2DF0 /* Assets.xcassets in Resources */,
				EFB045281FCD56FC009B2DF0 /* Main.storyboard in Resources */,
			);
			runOnlyForDeploymentPostprocessing = 0;
		};
		EFB045331FCD56FC009B2DF0 /* Resources */ = {
			isa = PBXResourcesBuildPhase;
			buildActionMask = 2147483647;
			files = (
			);
			runOnlyForDeploymentPostprocessing = 0;
		};
		EFB0453E1FCD56FC009B2DF0 /* Resources */ = {
			isa = PBXResourcesBuildPhase;
			buildActionMask = 2147483647;
			files = (
			);
			runOnlyForDeploymentPostprocessing = 0;
		};
/* End PBXResourcesBuildPhase section */

/* Begin PBXSourcesBuildPhase section */
		EFB045191FCD56FC009B2DF0 /* Sources */ = {
			isa = PBXSourcesBuildPhase;
			buildActionMask = 2147483647;
			files = (
				EFB045251FCD56FC009B2DF0 /* ViewController.m in Sources */,
				EFB045301FCD56FC009B2DF0 /* main.m in Sources */,
				EFB045221FCD56FC009B2DF0 /* AppDelegate.m in Sources */,
			);
			runOnlyForDeploymentPostprocessing = 0;
		};
		EFB045311FCD56FC009B2DF0 /* Sources */ = {
			isa = PBXSourcesBuildPhase;
			buildActionMask = 2147483647;
			files = (
				EFB0453A1FCD56FC009B2DF0 /* HRProjectTests.m in Sources */,
			);
			runOnlyForDeploymentPostprocessing = 0;
		};
		EFB0453C1FCD56FC009B2DF0 /* Sources */ = {
			isa = PBXSourcesBuildPhase;
			buildActionMask = 2147483647;
			files = (
				EFB045451FCD56FC009B2DF0 /* HRProjectUITests.m in Sources */,
			);
			runOnlyForDeploymentPostprocessing = 0;
		};
/* End PBXSourcesBuildPhase section */

/* Begin PBXTargetDependency section */
		EFB045371FCD56FC009B2DF0 /* PBXTargetDependency */ = {
			isa = PBXTargetDependency;
			target = EFB0451C1FCD56FC009B2DF0 /* HRProject */;
			targetProxy = EFB045361FCD56FC009B2DF0 /* PBXContainerItemProxy */;
		};
		EFB045421FCD56FC009B2DF0 /* PBXTargetDependency */ = {
			isa = PBXTargetDependency;
			target = EFB0451C1FCD56FC009B2DF0 /* HRProject */;
			targetProxy = EFB045411FCD56FC009B2DF0 /* PBXContainerItemProxy */;
		};
/* End PBXTargetDependency section */

/* Begin PBXVariantGroup section */
		EFB045261FCD56FC009B2DF0 /* Main.storyboard */ = {
			isa = PBXVariantGroup;
			children = (
				EFB045271FCD56FC009B2DF0 /* Base */,
			);
			name = Main.storyboard;
			sourceTree = "<group>";
		};
		EFB0452B1FCD56FC009B2DF0 /* LaunchScreen.storyboard */ = {
			isa = PBXVariantGroup;
			children = (
				EFB0452C1FCD56FC009B2DF0 /* Base */,
			);
			name = LaunchScreen.storyboard;
			sourceTree = "<group>";
		};
/* End PBXVariantGroup section */

/* Begin XCBuildConfiguration section */
		EFB045471FCD56FC009B2DF0 /* Debug */ = {
			isa = XCBuildConfiguration;
			buildSettings = {
				ALWAYS_SEARCH_USER_PATHS = NO;
				CLANG_ANALYZER_NONNULL = YES;
				CLANG_ANALYZER_NUMBER_OBJECT_CONVERSION = YES_AGGRESSIVE;
				CLANG_CXX_LANGUAGE_STANDARD = "gnu++14";
				CLANG_CXX_LIBRARY = "libc++";
				CLANG_ENABLE_MODULES = YES;
				CLANG_ENABLE_OBJC_ARC = YES;
				CLANG_WARN_BLOCK_CAPTURE_AUTORELEASING = YES;
				CLANG_WARN_BOOL_CONVERSION = YES;
				CLANG_WARN_COMMA = YES;
				CLANG_WARN_CONSTANT_CONVERSION = YES;
				CLANG_WARN_DIRECT_OBJC_ISA_USAGE = YES_ERROR;
				CLANG_WARN_DOCUMENTATION_COMMENTS = YES;
				CLANG_WARN_EMPTY_BODY = YES;
				CLANG_WARN_ENUM_CONVERSION = YES;
				CLANG_WARN_INFINITE_RECURSION = YES;
				CLANG_WARN_INT_CONVERSION = YES;
				CLANG_WARN_NON_LITERAL_NULL_CONVERSION = YES;
				CLANG_WARN_OBJC_LITERAL_CONVERSION = YES;
				CLANG_WARN_OBJC_ROOT_CLASS = YES_ERROR;
				CLANG_WARN_RANGE_LOOP_ANALYSIS = YES;
				CLANG_WARN_STRICT_PROTOTYPES = YES;
				CLANG_WARN_SUSPICIOUS_MOVE = YES;
				CLANG_WARN_UNGUARDED_AVAILABILITY = YES_AGGRESSIVE;
				CLANG_WARN_UNREACHABLE_CODE = YES;
				CLANG_WARN__DUPLICATE_METHOD_MATCH = YES;
				CODE_SIGN_IDENTITY = "iPhone Developer";
				COPY_PHASE_STRIP = NO;
				DEBUG_INFORMATION_FORMAT = dwarf;
				ENABLE_STRICT_OBJC_MSGSEND = YES;
				ENABLE_TESTABILITY = YES;
				GCC_C_LANGUAGE_STANDARD = gnu11;
				GCC_DYNAMIC_NO_PIC = NO;
				GCC_NO_COMMON_BLOCKS = YES;
				GCC_OPTIMIZATION_LEVEL = 0;
				GCC_PREPROCESSOR_DEFINITIONS = (
					"DEBUG=1",
					"$(inherited)",
				);
				GCC_WARN_64_TO_32_BIT_CONVERSION = YES;
				GCC_WARN_ABOUT_RETURN_TYPE = YES_ERROR;
				GCC_WARN_UNDECLARED_SELECTOR = YES;
				GCC_WARN_UNINITIALIZED_AUTOS = YES_AGGRESSIVE;
				GCC_WARN_UNUSED_FUNCTION = YES;
				GCC_WARN_UNUSED_VARIABLE = YES;
				IPHONEOS_DEPLOYMENT_TARGET = 11.1;
				MTL_ENABLE_DEBUG_INFO = YES;
				ONLY_ACTIVE_ARCH = YES;
				SDKROOT = iphoneos;
			};
			name = Debug;
		};
		EFB045481FCD56FC009B2DF0 /* Release */ = {
			isa = XCBuildConfiguration;
			buildSettings = {
				ALWAYS_SEARCH_USER_PATHS = NO;
				CLANG_ANALYZER_NONNULL = YES;
				CLANG_ANALYZER_NUMBER_OBJECT_CONVERSION = YES_AGGRESSIVE;
				CLANG_CXX_LANGUAGE_STANDARD = "gnu++14";
				CLANG_CXX_LIBRARY = "libc++";
				CLANG_ENABLE_MODULES = YES;
				CLANG_ENABLE_OBJC_ARC = YES;
				CLANG_WARN_BLOCK_CAPTURE_AUTORELEASING = YES;
				CLANG_WARN_BOOL_CONVERSION = YES;
				CLANG_WARN_COMMA = YES;
				CLANG_WARN_CONSTANT_CONVERSION = YES;
				CLANG_WARN_DIRECT_OBJC_ISA_USAGE = YES_ERROR;
				CLANG_WARN_DOCUMENTATION_COMMENTS = YES;
				CLANG_WARN_EMPTY_BODY = YES;
				CLANG_WARN_ENUM_CONVERSION = YES;
				CLANG_WARN_INFINITE_RECURSION = YES;
				CLANG_WARN_INT_CONVERSION = YES;
				CLANG_WARN_NON_LITERAL_NULL_CONVERSION = YES;
				CLANG_WARN_OBJC_LITERAL_CONVERSION = YES;
				CLANG_WARN_OBJC_ROOT_CLASS = YES_ERROR;
				CLANG_WARN_RANGE_LOOP_ANALYSIS = YES;
				CLANG_WARN_STRICT_PROTOTYPES = YES;
				CLANG_WARN_SUSPICIOUS_MOVE = YES;
				CLANG_WARN_UNGUARDED_AVAILABILITY = YES_AGGRESSIVE;
				CLANG_WARN_UNREACHABLE_CODE = YES;
				CLANG_WARN__DUPLICATE_METHOD_MATCH = YES;
				CODE_SIGN_IDENTITY = "iPhone Developer";
				COPY_PHASE_STRIP = NO;
				DEBUG_INFORMATION_FORMAT = "dwarf-with-dsym";
				ENABLE_NS_ASSERTIONS = NO;
				ENABLE_STRICT_OBJC_MSGSEND = YES;
				GCC_C_LANGUAGE_STANDARD = gnu11;
				GCC_NO_COMMON_BLOCKS = YES;
				GCC_WARN_64_TO_32_BIT_CONVERSION = YES;
				GCC_WARN_ABOUT_RETURN_TYPE = YES_ERROR;
				GCC_WARN_UNDECLARED_SELECTOR = YES;
				GCC_WARN_UNINITIALIZED_AUTOS = YES_AGGRESSIVE;
				GCC_WARN_UNUSED_FUNCTION = YES;
				GCC_WARN_UNUSED_VARIABLE = YES;
				IPHONEOS_DEPLOYMENT_TARGET = 11.1;
				MTL_ENABLE_DEBUG_INFO = NO;
				SDKROOT = iphoneos;
				VALIDATE_PRODUCT = YES;
			};
			name = Release;
		};
		EFB0454A1FCD56FC009B2DF0 /* Debug */ = {
			isa = XCBuildConfiguration;
			buildSettings = {
				ASSETCATALOG_COMPILER_APPICON_NAME = AppIcon;
				CODE_SIGN_STYLE = Automatic;
				INFOPLIST_FILE = HRProject/Info.plist;
				LD_RUNPATH_SEARCH_PATHS = "$(inherited) @executable_path/Frameworks";
				PRODUCT_BUNDLE_IDENTIFIER = ziroom.com.HRProject;
				PRODUCT_NAME = "$(TARGET_NAME)";
				TARGETED_DEVICE_FAMILY = "1,2";
			};
			name = Debug;
		};
		EFB0454B1FCD56FC009B2DF0 /* Release */ = {
			isa = XCBuildConfiguration;
			buildSettings = {
				ASSETCATALOG_COMPILER_APPICON_NAME = AppIcon;
				CODE_SIGN_STYLE = Automatic;
				INFOPLIST_FILE = HRProject/Info.plist;
				LD_RUNPATH_SEARCH_PATHS = "$(inherited) @executable_path/Frameworks";
				PRODUCT_BUNDLE_IDENTIFIER = ziroom.com.HRProject;
				PRODUCT_NAME = "$(TARGET_NAME)";
				TARGETED_DEVICE_FAMILY = "1,2";
			};
			name = Release;
		};
		EFB0454D1FCD56FC009B2DF0 /* Debug */ = {
			isa = XCBuildConfiguration;
			buildSettings = {
				BUNDLE_LOADER = "$(TEST_HOST)";
				CODE_SIGN_STYLE = Automatic;
				INFOPLIST_FILE = HRProjectTests/Info.plist;
				LD_RUNPATH_SEARCH_PATHS = "$(inherited) @executable_path/Frameworks @loader_path/Frameworks";
				PRODUCT_BUNDLE_IDENTIFIER = ziroom.com.HRProjectTests;
				PRODUCT_NAME = "$(TARGET_NAME)";
				TARGETED_DEVICE_FAMILY = "1,2";
				TEST_HOST = "$(BUILT_PRODUCTS_DIR)/HRProject.app/HRProject";
			};
			name = Debug;
		};
		EFB0454E1FCD56FC009B2DF0 /* Release */ = {
			isa = XCBuildConfiguration;
			buildSettings = {
				BUNDLE_LOADER = "$(TEST_HOST)";
				CODE_SIGN_STYLE = Automatic;
				INFOPLIST_FILE = HRProjectTests/Info.plist;
				LD_RUNPATH_SEARCH_PATHS = "$(inherited) @executable_path/Frameworks @loader_path/Frameworks";
				PRODUCT_BUNDLE_IDENTIFIER = ziroom.com.HRProjectTests;
				PRODUCT_NAME = "$(TARGET_NAME)";
				TARGETED_DEVICE_FAMILY = "1,2";
				TEST_HOST = "$(BUILT_PRODUCTS_DIR)/HRProject.app/HRProject";
			};
			name = Release;
		};
		EFB045501FCD56FC009B2DF0 /* Debug */ = {
			isa = XCBuildConfiguration;
			buildSettings = {
				CODE_SIGN_STYLE = Automatic;
				INFOPLIST_FILE = HRProjectUITests/Info.plist;
				LD_RUNPATH_SEARCH_PATHS = "$(inherited) @executable_path/Frameworks @loader_path/Frameworks";
				PRODUCT_BUNDLE_IDENTIFIER = ziroom.com.HRProjectUITests;
				PRODUCT_NAME = "$(TARGET_NAME)";
				TARGETED_DEVICE_FAMILY = "1,2";
				TEST_TARGET_NAME = HRProject;
			};
			name = Debug;
		};
		EFB045511FCD56FC009B2DF0 /* Release */ = {
			isa = XCBuildConfiguration;
			buildSettings = {
				CODE_SIGN_STYLE = Automatic;
				INFOPLIST_FILE = HRProjectUITests/Info.plist;
				LD_RUNPATH_SEARCH_PATHS = "$(inherited) @executable_path/Frameworks @loader_path/Frameworks";
				PRODUCT_BUNDLE_IDENTIFIER = ziroom.com.HRProjectUITests;
				PRODUCT_NAME = "$(TARGET_NAME)";
				TARGETED_DEVICE_FAMILY = "1,2";
				TEST_TARGET_NAME = HRProject;
			};
			name = Release;
		};
/* End XCBuildConfiguration section */

/* Begin XCConfigurationList section */
		EFB045181FCD56FB009B2DF0 /* Build configuration list for PBXProject "HRProject" */ = {
			isa = XCConfigurationList;
			buildConfigurations = (
				EFB045471FCD56FC009B2DF0 /* Debug */,
				EFB045481FCD56FC009B2DF0 /* Release */,
			);
			defaultConfigurationIsVisible = 0;
			defaultConfigurationName = Release;
		};
		EFB045491FCD56FC009B2DF0 /* Build configuration list for PBXNativeTarget "HRProject" */ = {
			isa = XCConfigurationList;
			buildConfigurations = (
				EFB0454A1FCD56FC009B2DF0 /* Debug */,
				EFB0454B1FCD56FC009B2DF0 /* Release */,
			);
			defaultConfigurationIsVisible = 0;
			defaultConfigurationName = Release;
		};
		EFB0454C1FCD56FC009B2DF0 /* Build configuration list for PBXNativeTarget "HRProjectTests" */ = {
			isa = XCConfigurationList;
			buildConfigurations = (
				EFB0454D1FCD56FC009B2DF0 /* Debug */,
				EFB0454E1FCD56FC009B2DF0 /* Release */,
			);
			defaultConfigurationIsVisible = 0;
			defaultConfigurationName = Release;
		};
		EFB0454F1FCD56FC009B2DF0 /* Build configuration list for PBXNativeTarget "HRProjectUITests" */ = {
			isa = XCConfigurationList;
			buildConfigurations = (
				EFB045501FCD56FC009B2DF0 /* Debug */,
				EFB045511FCD56FC009B2DF0 /* Release */,
			);
			defaultConfigurationIsVisible = 0;
			defaultConfigurationName = Release;
		};
/* End XCConfigurationList section */
	};
	rootObject = EFB045151FCD56FB009B2DF0 /* Project object */;
}
